
Microsoft Visual Studio Solution File, Format Version 12.00
# Visual Studio 2012
Project("{FAE04EC0-301F-11D3-BF4B-00C04F79EFBC}") = "InterviewTest1", "InterviewTest1\InterviewTest1.csproj", "{C95A4B24-6CEE-4B49-AF29-C456C98291CF}"
EndProject
Project("{2150E333-8FDC-42A3-9474-1A3956D46DE8}") = "Solution Items", "Solution Items", "{E690E10C-30DF-4B41-B60C-9C63EBADB3C5}"
	ProjectSection(SolutionItems) = preProject
		.gitattributes = .gitattributes
		.gitignore = .gitignore
		README.md = README.md
	EndProjectSection
EndProject
Global
	GlobalSection(SolutionConfigurationPlatforms) = preSolution
		Debug|Any CPU = Debug|Any CPU
		Release|Any CPU = Release|Any CPU
	EndGlobalSection
	GlobalSection(ProjectConfigurationPlatforms) = postSolution
		{C95A4B24-6CEE-4B49-AF29-C456C98291CF}.Debug|Any CPU.ActiveCfg = Debug|Any CPU
		{C95A4B24-6CEE-4B49-AF29-C456C98291CF}.Debug|Any CPU.Build.0 = Debug|Any CPU
		{C95A4B24-6CEE-4B49-AF29-C456C98291CF}.Release|Any CPU.ActiveCfg = Release|Any CPU
		{C95A4B24-6CEE-4B49-AF29-C456C98291CF}.Release|Any CPU.Build.0 = Release|Any CPU
	EndGlobalSection
	GlobalSection(SolutionProperties) = preSolution
		HideSolutionNode = FALSE
	EndGlobalSection
EndGlobal
