
Microsoft Visual Studio Solution File, Format Version 12.00
# Visual Studio 2012
Project("{FAE04EC0-301F-11D3-BF4B-00C04F79EFBC}") = "InterviewTest1", "InterviewTest1\InterviewTest1.csproj", "{C95A4B24-6CEE-4B49-AF29-C456C98291CF}"
EndProject
Global
	GlobalSection(SolutionConfigurationPlatforms) = preSolution
		Debug|Any CPU = Debug|Any CPU
		Release|Any CPU = Release|Any CPU
	EndGlobalSection
	GlobalSection(ProjectConfigurationPlatforms) = postSolution
		{C95A4B24-6CEE-4B49-AF29-C456C98291CF}.Debug|Any CPU.ActiveCfg = Debug|Any CPU
		{C95A4B24-6CEE-4B49-AF29-C456C98291CF}.Debug|Any CPU.Build.0 = Debug|Any CPU
		{C95A4B24-6CEE-4B49-AF29-C456C98291CF}.Release|Any CPU.ActiveCfg = Release|Any CPU
		{C95A4B24-6CEE-4B49-AF29-C456C98291CF}.Release|Any CPU.Build.0 = Release|Any CPU
	EndGlobalSection
	GlobalSection(SolutionProperties) = preSolution
		HideSolutionNode = FALSE
	EndGlobalSection
EndGlobal
